
Microsoft Visual Studio Solution File, Format Version 12.00
# Visual Studio 15
VisualStudioVersion = 15.0.27130.2024
MinimumVisualStudioVersion = 10.0.40219.1
Project("{FAE04EC0-301F-11D3-BF4B-00C04F79EFBC}") = "PersonLibraryTest", "PersonLibraryTest\PersonLibraryTest.csproj", "{373B7C77-DB61-4B07-AA8F-8015DB985A69}"
EndProject
Global
	GlobalSection(SolutionConfigurationPlatforms) = preSolution
		Debug|Any CPU = Debug|Any CPU
		Release|Any CPU = Release|Any CPU
	EndGlobalSection
	GlobalSection(ProjectConfigurationPlatforms) = postSolution
		{373B7C77-DB61-4B07-AA8F-8015DB985A69}.Debug|Any CPU.ActiveCfg = Debug|Any CPU
		{373B7C77-DB61-4B07-AA8F-8015DB985A69}.Debug|Any CPU.Build.0 = Debug|Any CPU
		{373B7C77-DB61-4B07-AA8F-8015DB985A69}.Release|Any CPU.ActiveCfg = Release|Any CPU
		{373B7C77-DB61-4B07-AA8F-8015DB985A69}.Release|Any CPU.Build.0 = Release|Any CPU
	EndGlobalSection
	GlobalSection(SolutionProperties) = preSolution
		HideSolutionNode = FALSE
	EndGlobalSection
	GlobalSection(ExtensibilityGlobals) = postSolution
		SolutionGuid = {7115A788-2D84-42B9-A96C-9897BEE4E95E}
	EndGlobalSection
EndGlobal
