
Microsoft Visual Studio Solution File, Format Version 12.00
# Visual Studio 15
VisualStudioVersion = 15.0.27130.2024
MinimumVisualStudioVersion = 10.0.40219.1
Project("{FAE04EC0-301F-11D3-BF4B-00C04F79EFBC}") = "PersonLibrary", "PersonLibrary\PersonLibrary.csproj", "{ECC33704-A585-4354-BB4F-DC8C7F2BC809}"
EndProject
Global
	GlobalSection(SolutionConfigurationPlatforms) = preSolution
		Debug|Any CPU = Debug|Any CPU
		Release|Any CPU = Release|Any CPU
	EndGlobalSection
	GlobalSection(ProjectConfigurationPlatforms) = postSolution
		{ECC33704-A585-4354-BB4F-DC8C7F2BC809}.Debug|Any CPU.ActiveCfg = Debug|Any CPU
		{ECC33704-A585-4354-BB4F-DC8C7F2BC809}.Debug|Any CPU.Build.0 = Debug|Any CPU
		{ECC33704-A585-4354-BB4F-DC8C7F2BC809}.Release|Any CPU.ActiveCfg = Release|Any CPU
		{ECC33704-A585-4354-BB4F-DC8C7F2BC809}.Release|Any CPU.Build.0 = Release|Any CPU
	EndGlobalSection
	GlobalSection(SolutionProperties) = preSolution
		HideSolutionNode = FALSE
	EndGlobalSection
	GlobalSection(ExtensibilityGlobals) = postSolution
		SolutionGuid = {DB3BCBD6-6374-471B-AE68-E821FA82D207}
	EndGlobalSection
EndGlobal
