
Microsoft Visual Studio Solution File, Format Version 12.00
# Visual Studio 15
VisualStudioVersion = 15.0.27703.2035
MinimumVisualStudioVersion = 10.0.40219.1
Project("{FAE04EC0-301F-11D3-BF4B-00C04F79EFBC}") = "Hello_Code_First_MVC", "Hello_Code_First_MVC\Hello_Code_First_MVC.csproj", "{8DD1A3F5-ABCE-42B8-A43E-D09D2C84F432}"
EndProject
Global
	GlobalSection(SolutionConfigurationPlatforms) = preSolution
		Debug|Any CPU = Debug|Any CPU
		Release|Any CPU = Release|Any CPU
	EndGlobalSection
	GlobalSection(ProjectConfigurationPlatforms) = postSolution
		{8DD1A3F5-ABCE-42B8-A43E-D09D2C84F432}.Debug|Any CPU.ActiveCfg = Debug|Any CPU
		{8DD1A3F5-ABCE-42B8-A43E-D09D2C84F432}.Debug|Any CPU.Build.0 = Debug|Any CPU
		{8DD1A3F5-ABCE-42B8-A43E-D09D2C84F432}.Release|Any CPU.ActiveCfg = Release|Any CPU
		{8DD1A3F5-ABCE-42B8-A43E-D09D2C84F432}.Release|Any CPU.Build.0 = Release|Any CPU
	EndGlobalSection
	GlobalSection(SolutionProperties) = preSolution
		HideSolutionNode = FALSE
	EndGlobalSection
	GlobalSection(ExtensibilityGlobals) = postSolution
		SolutionGuid = {B62DBE07-C91F-45C8-B2FB-7624645BA0AF}
	EndGlobalSection
EndGlobal
